
Microsoft Visual Studio Solution File, Format Version 12.00
# Visual Studio Version 17
VisualStudioVersion = 17.5.002.0
MinimumVisualStudioVersion = 10.0.40219.1
Project("{9A19103F-16F7-4668-BE54-9A1E7A4F7556}") = "VariFit00Web", "VariFit00Web.csproj", "{6E7C5F9A-BB8C-47CD-8782-19EDA5C6D861}"
EndProject
Global
	GlobalSection(SolutionConfigurationPlatforms) = preSolution
		Debug|Any CPU = Debug|Any CPU
		Release|Any CPU = Release|Any CPU
	EndGlobalSection
	GlobalSection(ProjectConfigurationPlatforms) = postSolution
		{6E7C5F9A-BB8C-47CD-8782-19EDA5C6D861}.Debug|Any CPU.ActiveCfg = Debug|Any CPU
		{6E7C5F9A-BB8C-47CD-8782-19EDA5C6D861}.Debug|Any CPU.Build.0 = Debug|Any CPU
		{6E7C5F9A-BB8C-47CD-8782-19EDA5C6D861}.Release|Any CPU.ActiveCfg = Release|Any CPU
		{6E7C5F9A-BB8C-47CD-8782-19EDA5C6D861}.Release|Any CPU.Build.0 = Release|Any CPU
	EndGlobalSection
	GlobalSection(SolutionProperties) = preSolution
		HideSolutionNode = FALSE
	EndGlobalSection
	GlobalSection(ExtensibilityGlobals) = postSolution
		SolutionGuid = {DAB45BA8-E962-474D-A49D-6C15FAA2AA5F}
	EndGlobalSection
EndGlobal
